
Microsoft Visual Studio Solution File, Format Version 12.00
# Visual Studio Version 17
VisualStudioVersion = 17.0.31903.59
MinimumVisualStudioVersion = 10.0.40219.1
Project("{2150E333-8FDC-42A3-9474-1A3956D46DE8}") = "src", "src", "{827E0CD3-B72D-47B6-A68D-7590B98EB39B}"
EndProject
Project("{2150E333-8FDC-42A3-9474-1A3956D46DE8}") = "shared", "shared", "{C8E42992-5E42-0C2B-DBFE-AA848D06431C}"
EndProject
Project("{FAE04EC0-301F-11D3-BF4B-00C04F79EFBC}") = "AnimalHaus.Shared.Core", "src\shared\AnimalHaus.Shared.Core\AnimalHaus.Shared.Core.csproj", "{BC477724-CD83-4E0D-860A-88CD8B9B420C}"
EndProject
Project("{FAE04EC0-301F-11D3-BF4B-00C04F79EFBC}") = "AnimalHaus.Shared.Utils", "src\shared\AnimalHaus.Shared.Utils\AnimalHaus.Shared.Utils.csproj", "{FAE66496-01B8-4996-84F4-7A2E4F0BAAFC}"
EndProject
Project("{FAE04EC0-301F-11D3-BF4B-00C04F79EFBC}") = "AnimalHaus.Shared.Messaging", "src\shared\AnimalHaus.Shared.Messaging\AnimalHaus.Shared.Messaging.csproj", "{9D62C1A5-BA4F-49ED-9D0B-9CE3558B41DE}"
EndProject
Project("{2150E333-8FDC-42A3-9474-1A3956D46DE8}") = "contracts", "contracts", "{FFBE31B8-50B9-B415-22BC-2F92C97CADA3}"
EndProject
Project("{FAE04EC0-301F-11D3-BF4B-00C04F79EFBC}") = "AnimalHaus.Contracts", "src\contracts\AnimalHaus.Contracts\AnimalHaus.Contracts.csproj", "{16334A49-7E97-45F6-B12D-104AF34EB1FB}"
EndProject
Project("{2150E333-8FDC-42A3-9474-1A3956D46DE8}") = "systems", "systems", "{6CE1A1D4-525B-ED5A-A279-70C90BC28504}"
EndProject
Project("{FAE04EC0-301F-11D3-BF4B-00C04F79EFBC}") = "AnimalHaus.Pigpen", "src\systems\AnimalHaus.Pigpen\AnimalHaus.Pigpen.csproj", "{875DC295-DA39-4DFB-8528-12642F8B665B}"
EndProject
Project("{FAE04EC0-301F-11D3-BF4B-00C04F79EFBC}") = "AnimalHaus.Barn", "src\systems\AnimalHaus.Barn\AnimalHaus.Barn.csproj", "{5F59E1D8-9682-44AD-A7BD-A78A4AEF0DF9}"
EndProject
Project("{FAE04EC0-301F-11D3-BF4B-00C04F79EFBC}") = "AnimalHaus.Tractor", "src\systems\AnimalHaus.Tractor\AnimalHaus.Tractor.csproj", "{B335F44A-36AF-4C69-8DBA-03A1BBCC15B2}"
EndProject
Project("{2150E333-8FDC-42A3-9474-1A3956D46DE8}") = "tests", "tests", "{0AB3BF05-4346-4AA6-1389-037BE0695223}"
EndProject
Project("{FAE04EC0-301F-11D3-BF4B-00C04F79EFBC}") = "AnimalHaus.Shared.Tests", "tests\AnimalHaus.Shared.Tests\AnimalHaus.Shared.Tests.csproj", "{2708A498-485E-48B1-8799-E5E21989DAFC}"
EndProject
Project("{FAE04EC0-301F-11D3-BF4B-00C04F79EFBC}") = "AnimalHaus.Integration.Tests", "tests\AnimalHaus.Integration.Tests\AnimalHaus.Integration.Tests.csproj", "{88320953-2650-4BA4-A3E7-16E9EDD7888A}"
EndProject
Project("{FAE04EC0-301F-11D3-BF4B-00C04F79EFBC}") = "AnimalHaus.MarketPlace", "src\systems\AnimalHaus.MarketPlace\AnimalHaus.MarketPlace.csproj", "{7D515C5C-1ABF-45AF-A09D-9AABB2D3B0B5}"
Project("{2150E333-8FDC-42A3-9474-1A3956D46DE8}") = "tools", "tools", "{DCB6FCB8-FF92-AC57-0842-1F72A354D6B1}"
EndProject
Project("{FAE04EC0-301F-11D3-BF4B-00C04F79EFBC}") = "AdministrationApp", "src\tools\AdministrationApp\AdministrationApp.csproj", "{F5432AD6-0C36-41C5-9034-ABA7E6125374}"
EndProject
Global
	GlobalSection(SolutionConfigurationPlatforms) = preSolution
		Debug|Any CPU = Debug|Any CPU
		Debug|x64 = Debug|x64
		Debug|x86 = Debug|x86
		Release|Any CPU = Release|Any CPU
		Release|x64 = Release|x64
		Release|x86 = Release|x86
	EndGlobalSection
	GlobalSection(ProjectConfigurationPlatforms) = postSolution
		{BC477724-CD83-4E0D-860A-88CD8B9B420C}.Debug|Any CPU.ActiveCfg = Debug|Any CPU
		{BC477724-CD83-4E0D-860A-88CD8B9B420C}.Debug|Any CPU.Build.0 = Debug|Any CPU
		{BC477724-CD83-4E0D-860A-88CD8B9B420C}.Debug|x64.ActiveCfg = Debug|Any CPU
		{BC477724-CD83-4E0D-860A-88CD8B9B420C}.Debug|x64.Build.0 = Debug|Any CPU
		{BC477724-CD83-4E0D-860A-88CD8B9B420C}.Debug|x86.ActiveCfg = Debug|Any CPU
		{BC477724-CD83-4E0D-860A-88CD8B9B420C}.Debug|x86.Build.0 = Debug|Any CPU
		{BC477724-CD83-4E0D-860A-88CD8B9B420C}.Release|Any CPU.ActiveCfg = Release|Any CPU
		{BC477724-CD83-4E0D-860A-88CD8B9B420C}.Release|Any CPU.Build.0 = Release|Any CPU
		{BC477724-CD83-4E0D-860A-88CD8B9B420C}.Release|x64.ActiveCfg = Release|Any CPU
		{BC477724-CD83-4E0D-860A-88CD8B9B420C}.Release|x64.Build.0 = Release|Any CPU
		{BC477724-CD83-4E0D-860A-88CD8B9B420C}.Release|x86.ActiveCfg = Release|Any CPU
		{BC477724-CD83-4E0D-860A-88CD8B9B420C}.Release|x86.Build.0 = Release|Any CPU
		{FAE66496-01B8-4996-84F4-7A2E4F0BAAFC}.Debug|Any CPU.ActiveCfg = Debug|Any CPU
		{FAE66496-01B8-4996-84F4-7A2E4F0BAAFC}.Debug|Any CPU.Build.0 = Debug|Any CPU
		{FAE66496-01B8-4996-84F4-7A2E4F0BAAFC}.Debug|x64.ActiveCfg = Debug|Any CPU
		{FAE66496-01B8-4996-84F4-7A2E4F0BAAFC}.Debug|x64.Build.0 = Debug|Any CPU
		{FAE66496-01B8-4996-84F4-7A2E4F0BAAFC}.Debug|x86.ActiveCfg = Debug|Any CPU
		{FAE66496-01B8-4996-84F4-7A2E4F0BAAFC}.Debug|x86.Build.0 = Debug|Any CPU
		{FAE66496-01B8-4996-84F4-7A2E4F0BAAFC}.Release|Any CPU.ActiveCfg = Release|Any CPU
		{FAE66496-01B8-4996-84F4-7A2E4F0BAAFC}.Release|Any CPU.Build.0 = Release|Any CPU
		{FAE66496-01B8-4996-84F4-7A2E4F0BAAFC}.Release|x64.ActiveCfg = Release|Any CPU
		{FAE66496-01B8-4996-84F4-7A2E4F0BAAFC}.Release|x64.Build.0 = Release|Any CPU
		{FAE66496-01B8-4996-84F4-7A2E4F0BAAFC}.Release|x86.ActiveCfg = Release|Any CPU
		{FAE66496-01B8-4996-84F4-7A2E4F0BAAFC}.Release|x86.Build.0 = Release|Any CPU
		{9D62C1A5-BA4F-49ED-9D0B-9CE3558B41DE}.Debug|Any CPU.ActiveCfg = Debug|Any CPU
		{9D62C1A5-BA4F-49ED-9D0B-9CE3558B41DE}.Debug|Any CPU.Build.0 = Debug|Any CPU
		{9D62C1A5-BA4F-49ED-9D0B-9CE3558B41DE}.Debug|x64.ActiveCfg = Debug|Any CPU
		{9D62C1A5-BA4F-49ED-9D0B-9CE3558B41DE}.Debug|x64.Build.0 = Debug|Any CPU
		{9D62C1A5-BA4F-49ED-9D0B-9CE3558B41DE}.Debug|x86.ActiveCfg = Debug|Any CPU
		{9D62C1A5-BA4F-49ED-9D0B-9CE3558B41DE}.Debug|x86.Build.0 = Debug|Any CPU
		{9D62C1A5-BA4F-49ED-9D0B-9CE3558B41DE}.Release|Any CPU.ActiveCfg = Release|Any CPU
		{9D62C1A5-BA4F-49ED-9D0B-9CE3558B41DE}.Release|Any CPU.Build.0 = Release|Any CPU
		{9D62C1A5-BA4F-49ED-9D0B-9CE3558B41DE}.Release|x64.ActiveCfg = Release|Any CPU
		{9D62C1A5-BA4F-49ED-9D0B-9CE3558B41DE}.Release|x64.Build.0 = Release|Any CPU
		{9D62C1A5-BA4F-49ED-9D0B-9CE3558B41DE}.Release|x86.ActiveCfg = Release|Any CPU
		{9D62C1A5-BA4F-49ED-9D0B-9CE3558B41DE}.Release|x86.Build.0 = Release|Any CPU
		{16334A49-7E97-45F6-B12D-104AF34EB1FB}.Debug|Any CPU.ActiveCfg = Debug|Any CPU
		{16334A49-7E97-45F6-B12D-104AF34EB1FB}.Debug|Any CPU.Build.0 = Debug|Any CPU
		{16334A49-7E97-45F6-B12D-104AF34EB1FB}.Debug|x64.ActiveCfg = Debug|Any CPU
		{16334A49-7E97-45F6-B12D-104AF34EB1FB}.Debug|x64.Build.0 = Debug|Any CPU
		{16334A49-7E97-45F6-B12D-104AF34EB1FB}.Debug|x86.ActiveCfg = Debug|Any CPU
		{16334A49-7E97-45F6-B12D-104AF34EB1FB}.Debug|x86.Build.0 = Debug|Any CPU
		{16334A49-7E97-45F6-B12D-104AF34EB1FB}.Release|Any CPU.ActiveCfg = Release|Any CPU
		{16334A49-7E97-45F6-B12D-104AF34EB1FB}.Release|Any CPU.Build.0 = Release|Any CPU
		{16334A49-7E97-45F6-B12D-104AF34EB1FB}.Release|x64.ActiveCfg = Release|Any CPU
		{16334A49-7E97-45F6-B12D-104AF34EB1FB}.Release|x64.Build.0 = Release|Any CPU
		{16334A49-7E97-45F6-B12D-104AF34EB1FB}.Release|x86.ActiveCfg = Release|Any CPU
		{16334A49-7E97-45F6-B12D-104AF34EB1FB}.Release|x86.Build.0 = Release|Any CPU
		{875DC295-DA39-4DFB-8528-12642F8B665B}.Debug|Any CPU.ActiveCfg = Debug|Any CPU
		{875DC295-DA39-4DFB-8528-12642F8B665B}.Debug|Any CPU.Build.0 = Debug|Any CPU
		{875DC295-DA39-4DFB-8528-12642F8B665B}.Debug|x64.ActiveCfg = Debug|Any CPU
		{875DC295-DA39-4DFB-8528-12642F8B665B}.Debug|x64.Build.0 = Debug|Any CPU
		{875DC295-DA39-4DFB-8528-12642F8B665B}.Debug|x86.ActiveCfg = Debug|Any CPU
		{875DC295-DA39-4DFB-8528-12642F8B665B}.Debug|x86.Build.0 = Debug|Any CPU
		{875DC295-DA39-4DFB-8528-12642F8B665B}.Release|Any CPU.ActiveCfg = Release|Any CPU
		{875DC295-DA39-4DFB-8528-12642F8B665B}.Release|Any CPU.Build.0 = Release|Any CPU
		{875DC295-DA39-4DFB-8528-12642F8B665B}.Release|x64.ActiveCfg = Release|Any CPU
		{875DC295-DA39-4DFB-8528-12642F8B665B}.Release|x64.Build.0 = Release|Any CPU
		{875DC295-DA39-4DFB-8528-12642F8B665B}.Release|x86.ActiveCfg = Release|Any CPU
		{875DC295-DA39-4DFB-8528-12642F8B665B}.Release|x86.Build.0 = Release|Any CPU
		{5F59E1D8-9682-44AD-A7BD-A78A4AEF0DF9}.Debug|Any CPU.ActiveCfg = Debug|Any CPU
		{5F59E1D8-9682-44AD-A7BD-A78A4AEF0DF9}.Debug|Any CPU.Build.0 = Debug|Any CPU
		{5F59E1D8-9682-44AD-A7BD-A78A4AEF0DF9}.Debug|x64.ActiveCfg = Debug|Any CPU
		{5F59E1D8-9682-44AD-A7BD-A78A4AEF0DF9}.Debug|x64.Build.0 = Debug|Any CPU
		{5F59E1D8-9682-44AD-A7BD-A78A4AEF0DF9}.Debug|x86.ActiveCfg = Debug|Any CPU
		{5F59E1D8-9682-44AD-A7BD-A78A4AEF0DF9}.Debug|x86.Build.0 = Debug|Any CPU
		{5F59E1D8-9682-44AD-A7BD-A78A4AEF0DF9}.Release|Any CPU.ActiveCfg = Release|Any CPU
		{5F59E1D8-9682-44AD-A7BD-A78A4AEF0DF9}.Release|Any CPU.Build.0 = Release|Any CPU
		{5F59E1D8-9682-44AD-A7BD-A78A4AEF0DF9}.Release|x64.ActiveCfg = Release|Any CPU
		{5F59E1D8-9682-44AD-A7BD-A78A4AEF0DF9}.Release|x64.Build.0 = Release|Any CPU
		{5F59E1D8-9682-44AD-A7BD-A78A4AEF0DF9}.Release|x86.ActiveCfg = Release|Any CPU
		{5F59E1D8-9682-44AD-A7BD-A78A4AEF0DF9}.Release|x86.Build.0 = Release|Any CPU
		{B335F44A-36AF-4C69-8DBA-03A1BBCC15B2}.Debug|Any CPU.ActiveCfg = Debug|Any CPU
		{B335F44A-36AF-4C69-8DBA-03A1BBCC15B2}.Debug|Any CPU.Build.0 = Debug|Any CPU
		{B335F44A-36AF-4C69-8DBA-03A1BBCC15B2}.Debug|x64.ActiveCfg = Debug|Any CPU
		{B335F44A-36AF-4C69-8DBA-03A1BBCC15B2}.Debug|x64.Build.0 = Debug|Any CPU
		{B335F44A-36AF-4C69-8DBA-03A1BBCC15B2}.Debug|x86.ActiveCfg = Debug|Any CPU
		{B335F44A-36AF-4C69-8DBA-03A1BBCC15B2}.Debug|x86.Build.0 = Debug|Any CPU
		{B335F44A-36AF-4C69-8DBA-03A1BBCC15B2}.Release|Any CPU.ActiveCfg = Release|Any CPU
		{B335F44A-36AF-4C69-8DBA-03A1BBCC15B2}.Release|Any CPU.Build.0 = Release|Any CPU
		{B335F44A-36AF-4C69-8DBA-03A1BBCC15B2}.Release|x64.ActiveCfg = Release|Any CPU
		{B335F44A-36AF-4C69-8DBA-03A1BBCC15B2}.Release|x64.Build.0 = Release|Any CPU
		{B335F44A-36AF-4C69-8DBA-03A1BBCC15B2}.Release|x86.ActiveCfg = Release|Any CPU
		{B335F44A-36AF-4C69-8DBA-03A1BBCC15B2}.Release|x86.Build.0 = Release|Any CPU
		{2708A498-485E-48B1-8799-E5E21989DAFC}.Debug|Any CPU.ActiveCfg = Debug|Any CPU
		{2708A498-485E-48B1-8799-E5E21989DAFC}.Debug|Any CPU.Build.0 = Debug|Any CPU
		{2708A498-485E-48B1-8799-E5E21989DAFC}.Debug|x64.ActiveCfg = Debug|Any CPU
		{2708A498-485E-48B1-8799-E5E21989DAFC}.Debug|x64.Build.0 = Debug|Any CPU
		{2708A498-485E-48B1-8799-E5E21989DAFC}.Debug|x86.ActiveCfg = Debug|Any CPU
		{2708A498-485E-48B1-8799-E5E21989DAFC}.Debug|x86.Build.0 = Debug|Any CPU
		{2708A498-485E-48B1-8799-E5E21989DAFC}.Release|Any CPU.ActiveCfg = Release|Any CPU
		{2708A498-485E-48B1-8799-E5E21989DAFC}.Release|Any CPU.Build.0 = Release|Any CPU
		{2708A498-485E-48B1-8799-E5E21989DAFC}.Release|x64.ActiveCfg = Release|Any CPU
		{2708A498-485E-48B1-8799-E5E21989DAFC}.Release|x64.Build.0 = Release|Any CPU
		{2708A498-485E-48B1-8799-E5E21989DAFC}.Release|x86.ActiveCfg = Release|Any CPU
		{2708A498-485E-48B1-8799-E5E21989DAFC}.Release|x86.Build.0 = Release|Any CPU
		{88320953-2650-4BA4-A3E7-16E9EDD7888A}.Debug|Any CPU.ActiveCfg = Debug|Any CPU
		{88320953-2650-4BA4-A3E7-16E9EDD7888A}.Debug|Any CPU.Build.0 = Debug|Any CPU
		{88320953-2650-4BA4-A3E7-16E9EDD7888A}.Debug|x64.ActiveCfg = Debug|Any CPU
		{88320953-2650-4BA4-A3E7-16E9EDD7888A}.Debug|x64.Build.0 = Debug|Any CPU
		{88320953-2650-4BA4-A3E7-16E9EDD7888A}.Debug|x86.ActiveCfg = Debug|Any CPU
		{88320953-2650-4BA4-A3E7-16E9EDD7888A}.Debug|x86.Build.0 = Debug|Any CPU
		{88320953-2650-4BA4-A3E7-16E9EDD7888A}.Release|Any CPU.ActiveCfg = Release|Any CPU
		{88320953-2650-4BA4-A3E7-16E9EDD7888A}.Release|Any CPU.Build.0 = Release|Any CPU
		{88320953-2650-4BA4-A3E7-16E9EDD7888A}.Release|x64.ActiveCfg = Release|Any CPU
		{88320953-2650-4BA4-A3E7-16E9EDD7888A}.Release|x64.Build.0 = Release|Any CPU
		{88320953-2650-4BA4-A3E7-16E9EDD7888A}.Release|x86.ActiveCfg = Release|Any CPU
		{88320953-2650-4BA4-A3E7-16E9EDD7888A}.Release|x86.Build.0 = Release|Any CPU
		{7D515C5C-1ABF-45AF-A09D-9AABB2D3B0B5}.Debug|Any CPU.ActiveCfg = Debug|Any CPU
		{7D515C5C-1ABF-45AF-A09D-9AABB2D3B0B5}.Debug|Any CPU.Build.0 = Debug|Any CPU
		{7D515C5C-1ABF-45AF-A09D-9AABB2D3B0B5}.Debug|x64.ActiveCfg = Debug|Any CPU
		{7D515C5C-1ABF-45AF-A09D-9AABB2D3B0B5}.Debug|x64.Build.0 = Debug|Any CPU
		{7D515C5C-1ABF-45AF-A09D-9AABB2D3B0B5}.Debug|x86.ActiveCfg = Debug|Any CPU
		{7D515C5C-1ABF-45AF-A09D-9AABB2D3B0B5}.Debug|x86.Build.0 = Debug|Any CPU
		{7D515C5C-1ABF-45AF-A09D-9AABB2D3B0B5}.Release|Any CPU.ActiveCfg = Release|Any CPU
		{7D515C5C-1ABF-45AF-A09D-9AABB2D3B0B5}.Release|Any CPU.Build.0 = Release|Any CPU
		{7D515C5C-1ABF-45AF-A09D-9AABB2D3B0B5}.Release|x64.ActiveCfg = Release|Any CPU
		{7D515C5C-1ABF-45AF-A09D-9AABB2D3B0B5}.Release|x64.Build.0 = Release|Any CPU
		{7D515C5C-1ABF-45AF-A09D-9AABB2D3B0B5}.Release|x86.ActiveCfg = Release|Any CPU
		{7D515C5C-1ABF-45AF-A09D-9AABB2D3B0B5}.Release|x86.Build.0 = Release|Any CPU
		{F5432AD6-0C36-41C5-9034-ABA7E6125374}.Debug|Any CPU.ActiveCfg = Debug|Any CPU
		{F5432AD6-0C36-41C5-9034-ABA7E6125374}.Debug|Any CPU.Build.0 = Debug|Any CPU
		{F5432AD6-0C36-41C5-9034-ABA7E6125374}.Debug|x64.ActiveCfg = Debug|Any CPU
		{F5432AD6-0C36-41C5-9034-ABA7E6125374}.Debug|x64.Build.0 = Debug|Any CPU
		{F5432AD6-0C36-41C5-9034-ABA7E6125374}.Debug|x86.ActiveCfg = Debug|Any CPU
		{F5432AD6-0C36-41C5-9034-ABA7E6125374}.Debug|x86.Build.0 = Debug|Any CPU
		{F5432AD6-0C36-41C5-9034-ABA7E6125374}.Release|Any CPU.ActiveCfg = Release|Any CPU
		{F5432AD6-0C36-41C5-9034-ABA7E6125374}.Release|Any CPU.Build.0 = Release|Any CPU
		{F5432AD6-0C36-41C5-9034-ABA7E6125374}.Release|x64.ActiveCfg = Release|Any CPU
		{F5432AD6-0C36-41C5-9034-ABA7E6125374}.Release|x64.Build.0 = Release|Any CPU
		{F5432AD6-0C36-41C5-9034-ABA7E6125374}.Release|x86.ActiveCfg = Release|Any CPU
		{F5432AD6-0C36-41C5-9034-ABA7E6125374}.Release|x86.Build.0 = Release|Any CPU
	EndGlobalSection
	GlobalSection(SolutionProperties) = preSolution
		HideSolutionNode = FALSE
	EndGlobalSection
	GlobalSection(NestedProjects) = preSolution
		{C8E42992-5E42-0C2B-DBFE-AA848D06431C} = {827E0CD3-B72D-47B6-A68D-7590B98EB39B}
		{BC477724-CD83-4E0D-860A-88CD8B9B420C} = {C8E42992-5E42-0C2B-DBFE-AA848D06431C}
		{FAE66496-01B8-4996-84F4-7A2E4F0BAAFC} = {C8E42992-5E42-0C2B-DBFE-AA848D06431C}
		{9D62C1A5-BA4F-49ED-9D0B-9CE3558B41DE} = {C8E42992-5E42-0C2B-DBFE-AA848D06431C}
		{FFBE31B8-50B9-B415-22BC-2F92C97CADA3} = {827E0CD3-B72D-47B6-A68D-7590B98EB39B}
		{16334A49-7E97-45F6-B12D-104AF34EB1FB} = {FFBE31B8-50B9-B415-22BC-2F92C97CADA3}
		{6CE1A1D4-525B-ED5A-A279-70C90BC28504} = {827E0CD3-B72D-47B6-A68D-7590B98EB39B}
		{875DC295-DA39-4DFB-8528-12642F8B665B} = {6CE1A1D4-525B-ED5A-A279-70C90BC28504}
		{5F59E1D8-9682-44AD-A7BD-A78A4AEF0DF9} = {6CE1A1D4-525B-ED5A-A279-70C90BC28504}
		{B335F44A-36AF-4C69-8DBA-03A1BBCC15B2} = {6CE1A1D4-525B-ED5A-A279-70C90BC28504}
		{2708A498-485E-48B1-8799-E5E21989DAFC} = {0AB3BF05-4346-4AA6-1389-037BE0695223}
		{88320953-2650-4BA4-A3E7-16E9EDD7888A} = {0AB3BF05-4346-4AA6-1389-037BE0695223}
		{7D515C5C-1ABF-45AF-A09D-9AABB2D3B0B5} = {6CE1A1D4-525B-ED5A-A279-70C90BC28504}
		{DCB6FCB8-FF92-AC57-0842-1F72A354D6B1} = {827E0CD3-B72D-47B6-A68D-7590B98EB39B}
		{F5432AD6-0C36-41C5-9034-ABA7E6125374} = {DCB6FCB8-FF92-AC57-0842-1F72A354D6B1}
	EndGlobalSection
EndGlobal
